Microsoft Visual Studio Solution File, Format Version 11.00
# Visual Studio 2008

Project("{4F2CA7DD-E564-F4B9-3E93-1BF38794E525}") = "SeriousHaunted", "Assembly-CSharp-firstpass.csproj", "{B4246691-3892-25E7-E6E1-031B5D027EE1}"
EndProject
Project("{4F2CA7DD-E564-F4B9-3E93-1BF38794E525}") = "SeriousHaunted", "Assembly-CSharp.csproj", "{5537EBBB-5C94-DE25-8252-4FC9FEC321C9}"
EndProject
Project("{4F2CA7DD-E564-F4B9-3E93-1BF38794E525}") = "SeriousHaunted", "Assembly-CSharp-Editor.csproj", "{2AA06416-FE60-3E7A-4BA2-5F2EE84870DD}"
EndProject
Global
	GlobalSection(SolutionConfigurationPlatforms) = preSolution
		Debug|Any CPU = Debug|Any CPU
		Release|Any CPU = Release|Any CPU
	EndGlobalSection
	GlobalSection(ProjectConfigurationPlatforms) = postSolution
		{B4246691-3892-25E7-E6E1-031B5D027EE1}.Debug|Any CPU.ActiveCfg = Debug|Any CPU
		{B4246691-3892-25E7-E6E1-031B5D027EE1}.Debug|Any CPU.Build.0 = Debug|Any CPU
		{B4246691-3892-25E7-E6E1-031B5D027EE1}.Release|Any CPU.ActiveCfg = Release|Any CPU
		{B4246691-3892-25E7-E6E1-031B5D027EE1}.Release|Any CPU.Build.0 = Release|Any CPU
		{5537EBBB-5C94-DE25-8252-4FC9FEC321C9}.Debug|Any CPU.ActiveCfg = Debug|Any CPU
		{5537EBBB-5C94-DE25-8252-4FC9FEC321C9}.Debug|Any CPU.Build.0 = Debug|Any CPU
		{5537EBBB-5C94-DE25-8252-4FC9FEC321C9}.Release|Any CPU.ActiveCfg = Release|Any CPU
		{5537EBBB-5C94-DE25-8252-4FC9FEC321C9}.Release|Any CPU.Build.0 = Release|Any CPU
		{2AA06416-FE60-3E7A-4BA2-5F2EE84870DD}.Debug|Any CPU.ActiveCfg = Debug|Any CPU
		{2AA06416-FE60-3E7A-4BA2-5F2EE84870DD}.Debug|Any CPU.Build.0 = Debug|Any CPU
		{2AA06416-FE60-3E7A-4BA2-5F2EE84870DD}.Release|Any CPU.ActiveCfg = Release|Any CPU
		{2AA06416-FE60-3E7A-4BA2-5F2EE84870DD}.Release|Any CPU.Build.0 = Release|Any CPU
	EndGlobalSection
	GlobalSection(SolutionProperties) = preSolution
		HideSolutionNode = FALSE
	EndGlobalSection
	GlobalSection(MonoDevelopProperties) = preSolution
		StartupItem = Assembly-CSharp.csproj
	EndGlobalSection
EndGlobal
